// !$*UTF8*$!
{
	archiveVersion = 1;
	classes = {
	};
	objectVersion = 56;
	objects = {

/* Begin PBXBuildFile section */
		EF29AAC829A220430019A439 /* HandGestureProcessor.swift in Sources */ = {isa = PBXBuildFile; fileRef = EF29AAC729A220430019A439 /* HandGestureProcessor.swift */; };
		EF29AACA29A2299A0019A439 /* CameraView.swift in Sources */ = {isa = PBXBuildFile; fileRef = EF29AAC929A2299A0019A439 /* CameraView.swift */; };
		EF29AACC29A231860019A439 /* Red_Apple_Emoji.usdz in Resources */ = {isa = PBXBuildFile; fileRef = EF29AACB29A231860019A439 /* Red_Apple_Emoji.usdz */; };
		EF29AACE29A23EC90019A439 /* InitialViewController.swift in Sources */ = {isa = PBXBuildFile; fileRef = EF29AACD29A23EC90019A439 /* InitialViewController.swift */; };
		EF62742829A0C63300094B5F /* AppDelegate.swift in Sources */ = {isa = PBXBuildFile; fileRef = EF62742729A0C63300094B5F /* AppDelegate.swift */; };
		EF62742A29A0C63300094B5F /* ViewController.swift in Sources */ = {isa = PBXBuildFile; fileRef = EF62742929A0C63300094B5F /* ViewController.swift */; };
		EF62742C29A0C63300094B5F /* Experience.rcproject in Sources */ = {isa = PBXBuildFile; fileRef = EF62742B29A0C63300094B5F /* Experience.rcproject */; };
		EF62742F29A0C63300094B5F /* Main.storyboard in Resources */ = {isa = PBXBuildFile; fileRef = EF62742D29A0C63300094B5F /* Main.storyboard */; };
		EF62743129A0C63400094B5F /* Assets.xcassets in Resources */ = {isa = PBXBuildFile; fileRef = EF62743029A0C63400094B5F /* Assets.xcassets */; };
		EF62743429A0C63400094B5F /* LaunchScreen.storyboard in Resources */ = {isa = PBXBuildFile; fileRef = EF62743229A0C63400094B5F /* LaunchScreen.storyboard */; };
		EF62743E29A0C63400094B5F /* testTests.swift in Sources */ = {isa = PBXBuildFile; fileRef = EF62743D29A0C63400094B5F /* testTests.swift */; };
		EF62744829A0C63400094B5F /* testUITests.swift in Sources */ = {isa = PBXBuildFile; fileRef = EF62744729A0C63400094B5F /* testUITests.swift */; };
		EF62744A29A0C63400094B5F /* testUITestsLaunchTests.swift in Sources */ = {isa = PBXBuildFile; fileRef = EF62744929A0C63400094B5F /* testUITestsLaunchTests.swift */; };
/* End PBXBuildFile section */

/* Begin PBXContainerItemProxy section */
		EF62743A29A0C63400094B5F /* PBXContainerItemProxy */ = {
			isa = PBXContainerItemProxy;
			containerPortal = EF62741C29A0C63300094B5F /* Project object */;
			proxyType = 1;
			remoteGlobalIDString = EF62742329A0C63300094B5F;
			remoteInfo = test;
		};
		EF62744429A0C63400094B5F /* PBXContainerItemProxy */ = {
			isa = PBXContainerItemProxy;
			containerPortal = EF62741C29A0C63300094B5F /* Project object */;
			proxyType = 1;
			remoteGlobalIDString = EF62742329A0C63300094B5F;
			remoteInfo = test;
		};
/* End PBXContainerItemProxy section */

/* Begin PBXFileReference section */
		EF29AAC729A220430019A439 /* HandGestureProcessor.swift */ = {isa = PBXFileReference; lastKnownFileType = sourcecode.swift; path = HandGestureProcessor.swift; sourceTree = "<group>"; };
		EF29AAC929A2299A0019A439 /* CameraView.swift */ = {isa = PBXFileReference; lastKnownFileType = sourcecode.swift; path = CameraView.swift; sourceTree = "<group>"; };
		EF29AACB29A231860019A439 /* Red_Apple_Emoji.usdz */ = {isa = PBXFileReference; lastKnownFileType = file.usdz; name = Red_Apple_Emoji.usdz; path = ../../../../Desktop/Red_Apple_Emoji.usdz; sourceTree = "<group>"; };
		EF29AACD29A23EC90019A439 /* InitialViewController.swift */ = {isa = PBXFileReference; lastKnownFileType = sourcecode.swift; path = InitialViewController.swift; sourceTree = "<group>"; };
		EF62742429A0C63300094B5F /* test.app */ = {isa = PBXFileReference; explicitFileType = wrapper.application; includeInIndex = 0; path = test.app; sourceTree = BUILT_PRODUCTS_DIR; };
		EF62742729A0C63300094B5F /* AppDelegate.swift */ = {isa = PBXFileReference; lastKnownFileType = sourcecode.swift; path = AppDelegate.swift; sourceTree = "<group>"; };
		EF62742929A0C63300094B5F /* ViewController.swift */ = {isa = PBXFileReference; lastKnownFileType = sourcecode.swift; path = ViewController.swift; sourceTree = "<group>"; };
		EF62742B29A0C63300094B5F /* Experience.rcproject */ = {isa = PBXFileReference; lastKnownFileType = file.rcproject; path = Experience.rcproject; sourceTree = "<group>"; };
		EF62742E29A0C63300094B5F /* Base */ = {isa = PBXFileReference; lastKnownFileType = file.storyboard; name = Base; path = Base.lproj/Main.storyboard; sourceTree = "<group>"; };
		EF62743029A0C63400094B5F /* Assets.xcassets */ = {isa = PBXFileReference; lastKnownFileType = folder.assetcatalog; path = Assets.xcassets; sourceTree = "<group>"; };
		EF62743329A0C63400094B5F /* Base */ = {isa = PBXFileReference; lastKnownFileType = file.storyboard; name = Base; path = Base.lproj/LaunchScreen.storyboard; sourceTree = "<group>"; };
		EF62743929A0C63400094B5F /* testTests.xctest */ = {isa = PBXFileReference; explicitFileType = wrapper.cfbundle; includeInIndex = 0; path = testTests.xctest; sourceTree = BUILT_PRODUCTS_DIR; };
		EF62743D29A0C63400094B5F /* testTests.swift */ = {isa = PBXFileReference; lastKnownFileType = sourcecode.swift; path = testTests.swift; sourceTree = "<group>"; };
		EF62744329A0C63400094B5F /* testUITests.xctest */ = {isa = PBXFileReference; explicitFileType = wrapper.cfbundle; includeInIndex = 0; path = testUITests.xctest; sourceTree = BUILT_PRODUCTS_DIR; };
		EF62744729A0C63400094B5F /* testUITests.swift */ = {isa = PBXFileReference; lastKnownFileType = sourcecode.swift; path = testUITests.swift; sourceTree = "<group>"; };
		EF62744929A0C63400094B5F /* testUITestsLaunchTests.swift */ = {isa = PBXFileReference; lastKnownFileType = sourcecode.swift; path = testUITestsLaunchTests.swift; sourceTree = "<group>"; };
/* End PBXFileReference section */

/* Begin PBXFrameworksBuildPhase section */
		EF62742129A0C63300094B5F /* Frameworks */ = {
			isa = PBXFrameworksBuildPhase;
			buildActionMask = 2147483647;
			files = (
			);
			runOnlyForDeploymentPostprocessing = 0;
		};
		EF62743629A0C63400094B5F /* Frameworks */ = {
			isa = PBXFrameworksBuildPhase;
			buildActionMask = 2147483647;
			files = (
			);
			runOnlyForDeploymentPostprocessing = 0;
		};
		EF62744029A0C63400094B5F /* Frameworks */ = {
			isa = PBXFrameworksBuildPhase;
			buildActionMask = 2147483647;
			files = (
			);
			runOnlyForDeploymentPostprocessing = 0;
		};
/* End PBXFrameworksBuildPhase section */

/* Begin PBXGroup section */
		EF62741B29A0C63300094B5F = {
			isa = PBXGroup;
			children = (
				EF62742629A0C63300094B5F /* test */,
				EF62743C29A0C63400094B5F /* testTests */,
				EF62744629A0C63400094B5F /* testUITests */,
				EF62742529A0C63300094B5F /* Products */,
			);
			sourceTree = "<group>";
		};
		EF62742529A0C63300094B5F /* Products */ = {
			isa = PBXGroup;
			children = (
				EF62742429A0C63300094B5F /* test.app */,
				EF62743929A0C63400094B5F /* testTests.xctest */,
				EF62744329A0C63400094B5F /* testUITests.xctest */,
			);
			name = Products;
			sourceTree = "<group>";
		};
		EF62742629A0C63300094B5F /* test */ = {
			isa = PBXGroup;
			children = (
				EF62742729A0C63300094B5F /* AppDelegate.swift */,
				EF29AAC729A220430019A439 /* HandGestureProcessor.swift */,
				EF62742929A0C63300094B5F /* ViewController.swift */,
				EF29AAC929A2299A0019A439 /* CameraView.swift */,
				EF62742B29A0C63300094B5F /* Experience.rcproject */,
				EF62742D29A0C63300094B5F /* Main.storyboard */,
				EF62743029A0C63400094B5F /* Assets.xcassets */,
				EF29AACB29A231860019A439 /* Red_Apple_Emoji.usdz */,
				EF62743229A0C63400094B5F /* LaunchScreen.storyboard */,
				EF29AACD29A23EC90019A439 /* InitialViewController.swift */,
			);
			path = test;
			sourceTree = "<group>";
		};
		EF62743C29A0C63400094B5F /* testTests */ = {
			isa = PBXGroup;
			children = (
				EF62743D29A0C63400094B5F /* testTests.swift */,
			);
			path = testTests;
			sourceTree = "<group>";
		};
		EF62744629A0C63400094B5F /* testUITests */ = {
			isa = PBXGroup;
			children = (
				EF62744729A0C63400094B5F /* testUITests.swift */,
				EF62744929A0C63400094B5F /* testUITestsLaunchTests.swift */,
			);
			path = testUITests;
			sourceTree = "<group>";
		};
/* End PBXGroup section */

/* Begin PBXNativeTarget section */
		EF62742329A0C63300094B5F /* test */ = {
			isa = PBXNativeTarget;
			buildConfigurationList = EF62744D29A0C63400094B5F /* Build configuration list for PBXNativeTarget "test" */;
			buildPhases = (
				EF62742029A0C63300094B5F /* Sources */,
				EF62742129A0C63300094B5F /* Frameworks */,
				EF62742229A0C63300094B5F /* Resources */,
			);
			buildRules = (
			);
			dependencies = (
			);
			name = test;
			productName = test;
			productReference = EF62742429A0C63300094B5F /* test.app */;
			productType = "com.apple.product-type.application";
		};
		EF62743829A0C63400094B5F /* testTests */ = {
			isa = PBXNativeTarget;
			buildConfigurationList = EF62745029A0C63400094B5F /* Build configuration list for PBXNativeTarget "testTests" */;
			buildPhases = (
				EF62743529A0C63400094B5F /* Sources */,
				EF62743629A0C63400094B5F /* Frameworks */,
				EF62743729A0C63400094B5F /* Resources */,
			);
			buildRules = (
			);
			dependencies = (
				EF62743B29A0C63400094B5F /* PBXTargetDependency */,
			);
			name = testTests;
			productName = testTests;
			productReference = EF62743929A0C63400094B5F /* testTests.xctest */;
			productType = "com.apple.product-type.bundle.unit-test";
		};
		EF62744229A0C63400094B5F /* testUITests */ = {
			isa = PBXNativeTarget;
			buildConfigurationList = EF62745329A0C63400094B5F /* Build configuration list for PBXNativeTarget "testUITests" */;
			buildPhases = (
				EF62743F29A0C63400094B5F /* Sources */,
				EF62744029A0C63400094B5F /* Frameworks */,
				EF62744129A0C63400094B5F /* Resources */,
			);
			buildRules = (
			);
			dependencies = (
				EF62744529A0C63400094B5F /* PBXTargetDependency */,
			);
			name = testUITests;
			productName = testUITests;
			productReference = EF62744329A0C63400094B5F /* testUITests.xctest */;
			productType = "com.apple.product-type.bundle.ui-testing";
		};
/* End PBXNativeTarget section */

/* Begin PBXProject section */
		EF62741C29A0C63300094B5F /* Project object */ = {
			isa = PBXProject;
			attributes = {
				BuildIndependentTargetsInParallel = 1;
				LastSwiftUpdateCheck = 1420;
				LastUpgradeCheck = 1420;
				TargetAttributes = {
					EF62742329A0C63300094B5F = {
						CreatedOnToolsVersion = 14.2;
					};
					EF62743829A0C63400094B5F = {
						CreatedOnToolsVersion = 14.2;
						TestTargetID = EF62742329A0C63300094B5F;
					};
					EF62744229A0C63400094B5F = {
						CreatedOnToolsVersion = 14.2;
						TestTargetID = EF62742329A0C63300094B5F;
					};
				};
			};
			buildConfigurationList = EF62741F29A0C63300094B5F /* Build configuration list for PBXProject "test" */;
			compatibilityVersion = "Xcode 14.0";
			developmentRegion = en;
			hasScannedForEncodings = 0;
			knownRegions = (
				en,
				Base,
			);
			mainGroup = EF62741B29A0C63300094B5F;
			productRefGroup = EF62742529A0C63300094B5F /* Products */;
			projectDirPath = "";
			projectRoot = "";
			targets = (
				EF62742329A0C63300094B5F /* test */,
				EF62743829A0C63400094B5F /* testTests */,
				EF62744229A0C63400094B5F /* testUITests */,
			);
		};
/* End PBXProject section */

/* Begin PBXResourcesBuildPhase section */
		EF62742229A0C63300094B5F /* Resources */ = {
			isa = PBXResourcesBuildPhase;
			buildActionMask = 2147483647;
			files = (
				EF62743429A0C63400094B5F /* LaunchScreen.storyboard in Resources */,
				EF62743129A0C63400094B5F /* Assets.xcassets in Resources */,
				EF62742F29A0C63300094B5F /* Main.storyboard in Resources */,
				EF29AACC29A231860019A439 /* Red_Apple_Emoji.usdz in Resources */,
			);
			runOnlyForDeploymentPostprocessing = 0;
		};
		EF62743729A0C63400094B5F /* Resources */ = {
			isa = PBXResourcesBuildPhase;
			buildActionMask = 2147483647;
			files = (
			);
			runOnlyForDeploymentPostprocessing = 0;
		};
		EF62744129A0C63400094B5F /* Resources */ = {
			isa = PBXResourcesBuildPhase;
			buildActionMask = 2147483647;
			files = (
			);
			runOnlyForDeploymentPostprocessing = 0;
		};
/* End PBXResourcesBuildPhase section */

/* Begin PBXSourcesBuildPhase section */
		EF62742029A0C63300094B5F /* Sources */ = {
			isa = PBXSourcesBuildPhase;
			buildActionMask = 2147483647;
			files = (
				EF62742A29A0C63300094B5F /* ViewController.swift in Sources */,
				EF62742829A0C63300094B5F /* AppDelegate.swift in Sources */,
				EF62742C29A0C63300094B5F /* Experience.rcproject in Sources */,
				EF29AACE29A23EC90019A439 /* InitialViewController.swift in Sources */,
				EF29AACA29A2299A0019A439 /* CameraView.swift in Sources */,
				EF29AAC829A220430019A439 /* HandGestureProcessor.swift in Sources */,
			);
			runOnlyForDeploymentPostprocessing = 0;
		};
		EF62743529A0C63400094B5F /* Sources */ = {
			isa = PBXSourcesBuildPhase;
			buildActionMask = 2147483647;
			files = (
				EF62743E29A0C63400094B5F /* testTests.swift in Sources */,
			);
			runOnlyForDeploymentPostprocessing = 0;
		};
		EF62743F29A0C63400094B5F /* Sources */ = {
			isa = PBXSourcesBuildPhase;
			buildActionMask = 2147483647;
			files = (
				EF62744A29A0C63400094B5F /* testUITestsLaunchTests.swift in Sources */,
				EF62744829A0C63400094B5F /* testUITests.swift in Sources */,
			);
			runOnlyForDeploymentPostprocessing = 0;
		};
/* End PBXSourcesBuildPhase section */

/* Begin PBXTargetDependency section */
		EF62743B29A0C63400094B5F /* PBXTargetDependency */ = {
			isa = PBXTargetDependency;
			target = EF62742329A0C63300094B5F /* test */;
			targetProxy = EF62743A29A0C63400094B5F /* PBXContainerItemProxy */;
		};
		EF62744529A0C63400094B5F /* PBXTargetDependency */ = {
			isa = PBXTargetDependency;
			target = EF62742329A0C63300094B5F /* test */;
			targetProxy = EF62744429A0C63400094B5F /* PBXContainerItemProxy */;
		};
/* End PBXTargetDependency section */

/* Begin PBXVariantGroup section */
		EF62742D29A0C63300094B5F /* Main.storyboard */ = {
			isa = PBXVariantGroup;
			children = (
				EF62742E29A0C63300094B5F /* Base */,
			);
			name = Main.storyboard;
			sourceTree = "<group>";
		};
		EF62743229A0C63400094B5F /* LaunchScreen.storyboard */ = {
			isa = PBXVariantGroup;
			children = (
				EF62743329A0C63400094B5F /* Base */,
			);
			name = LaunchScreen.storyboard;
			sourceTree = "<group>";
		};
/* End PBXVariantGroup section */

/* Begin XCBuildConfiguration section */
		EF62744B29A0C63400094B5F /* Debug */ = {
			isa = XCBuildConfiguration;
			buildSettings = {
				ALWAYS_SEARCH_USER_PATHS = NO;
				CLANG_ANALYZER_NONNULL = YES;
				CLANG_ANALYZER_NUMBER_OBJECT_CONVERSION = YES_AGGRESSIVE;
				CLANG_CXX_LANGUAGE_STANDARD = "gnu++20";
				CLANG_ENABLE_MODULES = YES;
				CLANG_ENABLE_OBJC_ARC = YES;
				CLANG_ENABLE_OBJC_WEAK = YES;
				CLANG_WARN_BLOCK_CAPTURE_AUTORELEASING = YES;
				CLANG_WARN_BOOL_CONVERSION = YES;
				CLANG_WARN_COMMA = YES;
				CLANG_WARN_CONSTANT_CONVERSION = YES;
				CLANG_WARN_DEPRECATED_OBJC_IMPLEMENTATIONS = YES;
				CLANG_WARN_DIRECT_OBJC_ISA_USAGE = YES_ERROR;
				CLANG_WARN_DOCUMENTATION_COMMENTS = YES;
				CLANG_WARN_EMPTY_BODY = YES;
				CLANG_WARN_ENUM_CONVERSION = YES;
				CLANG_WARN_INFINITE_RECURSION = YES;
				CLANG_WARN_INT_CONVERSION = YES;
				CLANG_WARN_NON_LITERAL_NULL_CONVERSION = YES;
				CLANG_WARN_OBJC_IMPLICIT_RETAIN_SELF = YES;
				CLANG_WARN_OBJC_LITERAL_CONVERSION = YES;
				CLANG_WARN_OBJC_ROOT_CLASS = YES_ERROR;
				CLANG_WARN_QUOTED_INCLUDE_IN_FRAMEWORK_HEADER = YES;
				CLANG_WARN_RANGE_LOOP_ANALYSIS = YES;
				CLANG_WARN_STRICT_PROTOTYPES = YES;
				CLANG_WARN_SUSPICIOUS_MOVE = YES;
				CLANG_WARN_UNGUARDED_AVAILABILITY = YES_AGGRESSIVE;
				CLANG_WARN_UNREACHABLE_CODE = YES;
				CLANG_WARN__DUPLICATE_METHOD_MATCH = YES;
				COPY_PHASE_STRIP = NO;
				DEBUG_INFORMATION_FORMAT = dwarf;
				ENABLE_STRICT_OBJC_MSGSEND = YES;
				ENABLE_TESTABILITY = YES;
				GCC_C_LANGUAGE_STANDARD = gnu11;
				GCC_DYNAMIC_NO_PIC = NO;
				GCC_NO_COMMON_BLOCKS = YES;
				GCC_OPTIMIZATION_LEVEL = 0;
				GCC_PREPROCESSOR_DEFINITIONS = (
					"DEBUG=1",
					"$(inherited)",
				);
				GCC_WARN_64_TO_32_BIT_CONVERSION = YES;
				GCC_WARN_ABOUT_RETURN_TYPE = YES_ERROR;
				GCC_WARN_UNDECLARED_SELECTOR = YES;
				GCC_WARN_UNINITIALIZED_AUTOS = YES_AGGRESSIVE;
				GCC_WARN_UNUSED_FUNCTION = YES;
				GCC_WARN_UNUSED_VARIABLE = YES;
				IPHONEOS_DEPLOYMENT_TARGET = 16.2;
				MTL_ENABLE_DEBUG_INFO = INCLUDE_SOURCE;
				MTL_FAST_MATH = YES;
				SDKROOT = iphoneos;
				SWIFT_ACTIVE_COMPILATION_CONDITIONS = DEBUG;
				SWIFT_OPTIMIZATION_LEVEL = "-Onone";
			};
			name = Debug;
		};
		EF62744C29A0C63400094B5F /* Release */ = {
			isa = XCBuildConfiguration;
			buildSettings = {
				ALWAYS_SEARCH_USER_PATHS = NO;
				CLANG_ANALYZER_NONNULL = YES;
				CLANG_ANALYZER_NUMBER_OBJECT_CONVERSION = YES_AGGRESSIVE;
				CLANG_CXX_LANGUAGE_STANDARD = "gnu++20";
				CLANG_ENABLE_MODULES = YES;
				CLANG_ENABLE_OBJC_ARC = YES;
				CLANG_ENABLE_OBJC_WEAK = YES;
				CLANG_WARN_BLOCK_CAPTURE_AUTORELEASING = YES;
				CLANG_WARN_BOOL_CONVERSION = YES;
				CLANG_WARN_COMMA = YES;
				CLANG_WARN_CONSTANT_CONVERSION = YES;
				CLANG_WARN_DEPRECATED_OBJC_IMPLEMENTATIONS = YES;
				CLANG_WARN_DIRECT_OBJC_ISA_USAGE = YES_ERROR;
				CLANG_WARN_DOCUMENTATION_COMMENTS = YES;
				CLANG_WARN_EMPTY_BODY = YES;
				CLANG_WARN_ENUM_CONVERSION = YES;
				CLANG_WARN_INFINITE_RECURSION = YES;
				CLANG_WARN_INT_CONVERSION = YES;
				CLANG_WARN_NON_LITERAL_NULL_CONVERSION = YES;
				CLANG_WARN_OBJC_IMPLICIT_RETAIN_SELF = YES;
				CLANG_WARN_OBJC_LITERAL_CONVERSION = YES;
				CLANG_WARN_OBJC_ROOT_CLASS = YES_ERROR;
				CLANG_WARN_QUOTED_INCLUDE_IN_FRAMEWORK_HEADER = YES;
				CLANG_WARN_RANGE_LOOP_ANALYSIS = YES;
				CLANG_WARN_STRICT_PROTOTYPES = YES;
				CLANG_WARN_SUSPICIOUS_MOVE = YES;
				CLANG_WARN_UNGUARDED_AVAILABILITY = YES_AGGRESSIVE;
				CLANG_WARN_UNREACHABLE_CODE = YES;
				CLANG_WARN__DUPLICATE_METHOD_MATCH = YES;
				COPY_PHASE_STRIP = NO;
				DEBUG_INFORMATION_FORMAT = "dwarf-with-dsym";
				ENABLE_NS_ASSERTIONS = NO;
				ENABLE_STRICT_OBJC_MSGSEND = YES;
				GCC_C_LANGUAGE_STANDARD = gnu11;
				GCC_NO_COMMON_BLOCKS = YES;
				GCC_WARN_64_TO_32_BIT_CONVERSION = YES;
				GCC_WARN_ABOUT_RETURN_TYPE = YES_ERROR;
				GCC_WARN_UNDECLARED_SELECTOR = YES;
				GCC_WARN_UNINITIALIZED_AUTOS = YES_AGGRESSIVE;
				GCC_WARN_UNUSED_FUNCTION = YES;
				GCC_WARN_UNUSED_VARIABLE = YES;
				IPHONEOS_DEPLOYMENT_TARGET = 16.2;
				MTL_ENABLE_DEBUG_INFO = NO;
				MTL_FAST_MATH = YES;
				SDKROOT = iphoneos;
				SWIFT_COMPILATION_MODE = wholemodule;
				SWIFT_OPTIMIZATION_LEVEL = "-O";
				VALIDATE_PRODUCT = YES;
			};
			name = Release;
		};
		EF62744E29A0C63400094B5F /* Debug */ = {
			isa = XCBuildConfiguration;
			buildSettings = {
				ASSETCATALOG_COMPILER_APPICON_NAME = AppIcon;
				ASSETCATALOG_COMPILER_GLOBAL_ACCENT_COLOR_NAME = AccentColor;
				CODE_SIGN_STYLE = Automatic;
				CURRENT_PROJECT_VERSION = 1;
				DEVELOPMENT_TEAM = FMQ3WLH43R;
				GENERATE_INFOPLIST_FILE = YES;
				INFOPLIST_KEY_NSCameraUsageDescription = "";
				INFOPLIST_KEY_UIApplicationSupportsIndirectInputEvents = YES;
				INFOPLIST_KEY_UILaunchStoryboardName = LaunchScreen;
				INFOPLIST_KEY_UIMainStoryboardFile = Main;
				INFOPLIST_KEY_UIRequiredDeviceCapabilities = arkit;
				INFOPLIST_KEY_UIStatusBarHidden = YES;
				INFOPLIST_KEY_UISupportedInterfaceOrientations_iPad = "UIInterfaceOrientationPortrait UIInterfaceOrientationPortraitUpsideDown UIInterfaceOrientationLandscapeLeft UIInterfaceOrientationLandscapeRight";
				INFOPLIST_KEY_UISupportedInterfaceOrientations_iPhone = "UIInterfaceOrientationPortrait UIInterfaceOrientationLandscapeLeft UIInterfaceOrientationLandscapeRight";
				IPHONEOS_DEPLOYMENT_TARGET = 16.0;
				LD_RUNPATH_SEARCH_PATHS = (
					"$(inherited)",
					"@executable_path/Frameworks",
				);
				MARKETING_VERSION = 1.0;
				PRODUCT_BUNDLE_IDENTIFIER = "treehack-xr.test";
				PRODUCT_NAME = "$(TARGET_NAME)";
				SWIFT_EMIT_LOC_STRINGS = YES;
				SWIFT_VERSION = 5.0;
				TARGETED_DEVICE_FAMILY = "1,2";
			};
			name = Debug;
		};
		EF62744F29A0C63400094B5F /* Release */ = {
			isa = XCBuildConfiguration;
			buildSettings = {
				ASSETCATALOG_COMPILER_APPICON_NAME = AppIcon;
				ASSETCATALOG_COMPILER_GLOBAL_ACCENT_COLOR_NAME = AccentColor;
				CODE_SIGN_STYLE = Automatic;
				CURRENT_PROJECT_VERSION = 1;
				DEVELOPMENT_TEAM = FMQ3WLH43R;
				GENERATE_INFOPLIST_FILE = YES;
				INFOPLIST_KEY_NSCameraUsageDescription = "";
				INFOPLIST_KEY_UIApplicationSupportsIndirectInputEvents = YES;
				INFOPLIST_KEY_UILaunchStoryboardName = LaunchScreen;
				INFOPLIST_KEY_UIMainStoryboardFile = Main;
				INFOPLIST_KEY_UIRequiredDeviceCapabilities = arkit;
				INFOPLIST_KEY_UIStatusBarHidden = YES;
				INFOPLIST_KEY_UISupportedInterfaceOrientations_iPad = "UIInterfaceOrientationPortrait UIInterfaceOrientationPortraitUpsideDown UIInterfaceOrientationLandscapeLeft UIInterfaceOrientationLandscapeRight";
				INFOPLIST_KEY_UISupportedInterfaceOrientations_iPhone = "UIInterfaceOrientationPortrait UIInterfaceOrientationLandscapeLeft UIInterfaceOrientationLandscapeRight";
				IPHONEOS_DEPLOYMENT_TARGET = 16.0;
				LD_RUNPATH_SEARCH_PATHS = (
					"$(inherited)",
					"@executable_path/Frameworks",
				);
				MARKETING_VERSION = 1.0;
				PRODUCT_BUNDLE_IDENTIFIER = "treehack-xr.test";
				PRODUCT_NAME = "$(TARGET_NAME)";
				SWIFT_EMIT_LOC_STRINGS = YES;
				SWIFT_VERSION = 5.0;
				TARGETED_DEVICE_FAMILY = "1,2";
			};
			name = Release;
		};
		EF62745129A0C63400094B5F /* Debug */ = {
			isa = XCBuildConfiguration;
			buildSettings = {
				ALWAYS_EMBED_SWIFT_STANDARD_LIBRARIES = YES;
				BUNDLE_LOADER = "$(TEST_HOST)";
				CODE_SIGN_STYLE = Automatic;
				CURRENT_PROJECT_VERSION = 1;
				GENERATE_INFOPLIST_FILE = YES;
				IPHONEOS_DEPLOYMENT_TARGET = 16.2;
				MARKETING_VERSION = 1.0;
				PRODUCT_BUNDLE_IDENTIFIER = "treehack-xr.testTests";
				PRODUCT_NAME = "$(TARGET_NAME)";
				SWIFT_EMIT_LOC_STRINGS = NO;
				SWIFT_VERSION = 5.0;
				TARGETED_DEVICE_FAMILY = "1,2";
				TEST_HOST = "$(BUILT_PRODUCTS_DIR)/test.app/$(BUNDLE_EXECUTABLE_FOLDER_PATH)/test";
			};
			name = Debug;
		};
		EF62745229A0C63400094B5F /* Release */ = {
			isa = XCBuildConfiguration;
			buildSettings = {
				ALWAYS_EMBED_SWIFT_STANDARD_LIBRARIES = YES;
				BUNDLE_LOADER = "$(TEST_HOST)";
				CODE_SIGN_STYLE = Automatic;
				CURRENT_PROJECT_VERSION = 1;
				GENERATE_INFOPLIST_FILE = YES;
				IPHONEOS_DEPLOYMENT_TARGET = 16.2;
				MARKETING_VERSION = 1.0;
				PRODUCT_BUNDLE_IDENTIFIER = "treehack-xr.testTests";
				PRODUCT_NAME = "$(TARGET_NAME)";
				SWIFT_EMIT_LOC_STRINGS = NO;
				SWIFT_VERSION = 5.0;
				TARGETED_DEVICE_FAMILY = "1,2";
				TEST_HOST = "$(BUILT_PRODUCTS_DIR)/test.app/$(BUNDLE_EXECUTABLE_FOLDER_PATH)/test";
			};
			name = Release;
		};
		EF62745429A0C63400094B5F /* Debug */ = {
			isa = XCBuildConfiguration;
			buildSettings = {
				ALWAYS_EMBED_SWIFT_STANDARD_LIBRARIES = YES;
				CODE_SIGN_STYLE = Automatic;
				CURRENT_PROJECT_VERSION = 1;
				GENERATE_INFOPLIST_FILE = YES;
				MARKETING_VERSION = 1.0;
				PRODUCT_BUNDLE_IDENTIFIER = "treehack-xr.testUITests";
				PRODUCT_NAME = "$(TARGET_NAME)";
				SWIFT_EMIT_LOC_STRINGS = NO;
				SWIFT_VERSION = 5.0;
				TARGETED_DEVICE_FAMILY = "1,2";
				TEST_TARGET_NAME = test;
			};
			name = Debug;
		};
		EF62745529A0C63400094B5F /* Release */ = {
			isa = XCBuildConfiguration;
			buildSettings = {
				ALWAYS_EMBED_SWIFT_STANDARD_LIBRARIES = YES;
				CODE_SIGN_STYLE = Automatic;
				CURRENT_PROJECT_VERSION = 1;
				GENERATE_INFOPLIST_FILE = YES;
				MARKETING_VERSION = 1.0;
				PRODUCT_BUNDLE_IDENTIFIER = "treehack-xr.testUITests";
				PRODUCT_NAME = "$(TARGET_NAME)";
				SWIFT_EMIT_LOC_STRINGS = NO;
				SWIFT_VERSION = 5.0;
				TARGETED_DEVICE_FAMILY = "1,2";
				TEST_TARGET_NAME = test;
			};
			name = Release;
		};
/* End XCBuildConfiguration section */

/* Begin XCConfigurationList section */
		EF62741F29A0C63300094B5F /* Build configuration list for PBXProject "test" */ = {
			isa = XCConfigurationList;
			buildConfigurations = (
				EF62744B29A0C63400094B5F /* Debug */,
				EF62744C29A0C63400094B5F /* Release */,
			);
			defaultConfigurationIsVisible = 0;
			defaultConfigurationName = Release;
		};
		EF62744D29A0C63400094B5F /* Build configuration list for PBXNativeTarget "test" */ = {
			isa = XCConfigurationList;
			buildConfigurations = (
				EF62744E29A0C63400094B5F /* Debug */,
				EF62744F29A0C63400094B5F /* Release */,
			);
			defaultConfigurationIsVisible = 0;
			defaultConfigurationName = Release;
		};
		EF62745029A0C63400094B5F /* Build configuration list for PBXNativeTarget "testTests" */ = {
			isa = XCConfigurationList;
			buildConfigurations = (
				EF62745129A0C63400094B5F /* Debug */,
				EF62745229A0C63400094B5F /* Release */,
			);
			defaultConfigurationIsVisible = 0;
			defaultConfigurationName = Release;
		};
		EF62745329A0C63400094B5F /* Build configuration list for PBXNativeTarget "testUITests" */ = {
			isa = XCConfigurationList;
			buildConfigurations = (
				EF62745429A0C63400094B5F /* Debug */,
				EF62745529A0C63400094B5F /* Release */,
			);
			defaultConfigurationIsVisible = 0;
			defaultConfigurationName = Release;
		};
/* End XCConfigurationList section */
	};
	rootObject = EF62741C29A0C63300094B5F /* Project object */;
}
